
Microsoft Visual Studio Solution File, Format Version 12.00
# Visual Studio Version 17
VisualStudioVersion = 17.13.35818.85
MinimumVisualStudioVersion = 10.0.40219.1
Project("{2150E333-8FDC-42A3-9474-1A3956D46DE8}") = "FronEnd", "FronEnd", "{02EA681E-C7D8-13C7-8484-4AC65E1B71E8}"
EndProject
Project("{2150E333-8FDC-42A3-9474-1A3956D46DE8}") = "Gateway", "Gateway", "{DC342567-F49D-4E99-B6A4-9F4AE193E8B1}"
EndProject
Project("{2150E333-8FDC-42A3-9474-1A3956D46DE8}") = "Integration", "Integration", "{C489B282-4480-4076-94FA-E5F2A98CB434}"
EndProject
Project("{2150E333-8FDC-42A3-9474-1A3956D46DE8}") = "Services", "Services", "{28539B2D-F022-4D96-8EF9-D18A45189FB4}"
EndProject
Project("{FAE04EC0-301F-11D3-BF4B-00C04F79EFBC}") = "Mango.Services.CouponAPI", "Mango.Services.CouponAPI\Mango.Services.CouponAPI.csproj", "{BDA479C3-D8C3-47A4-BD3F-6E0DAC41A874}"
EndProject
Project("{FAE04EC0-301F-11D3-BF4B-00C04F79EFBC}") = "Mango.Web", "Mango.Web\Mango.Web.csproj", "{B29E6FDE-C973-4ABA-8912-B9CB8B253C69}"
EndProject
Project("{FAE04EC0-301F-11D3-BF4B-00C04F79EFBC}") = "Mango.Services.AuthAPI", "Mango.Services.AuthAPI\Mango.Services.AuthAPI.csproj", "{D8E71FC4-28E2-CE17-1A45-49C5D42B97C7}"
EndProject
Project("{FAE04EC0-301F-11D3-BF4B-00C04F79EFBC}") = "Mango.Services.ProductAPI", "Mango.Services.ProductAPI\Mango.Services.ProductAPI.csproj", "{757DB0C9-29EA-4C80-9AE5-194CE421C988}"
EndProject
Project("{FAE04EC0-301F-11D3-BF4B-00C04F79EFBC}") = "Mango.Services.ShoppingCartAPI", "Mango.Services.ShoppingCartAPI\Mango.Services.ShoppingCartAPI.csproj", "{2EAD0BAB-FD55-450E-B108-C9F94D68A111}"
EndProject
Project("{FAE04EC0-301F-11D3-BF4B-00C04F79EFBC}") = "Mango.ServiceBus", "Mango.ServiceBus\Mango.ServiceBus.csproj", "{434767D0-735B-44BC-9BA4-A79F843FBFBC}"
EndProject
Project("{FAE04EC0-301F-11D3-BF4B-00C04F79EFBC}") = "Mango.Services.EmailAPI", "Mango.Services.EmailAPI\Mango.Services.EmailAPI.csproj", "{B9123DD1-B9E5-4C83-AE3A-1A48D3EC83A9}"
EndProject
Project("{FAE04EC0-301F-11D3-BF4B-00C04F79EFBC}") = "Mango.Services.OrderAPI", "Mango.Services.OrderAPI\Mango.Services.OrderAPI.csproj", "{565A5D18-4E60-44F1-BCB0-A40A4AA05A0F}"
EndProject
Global
	GlobalSection(SolutionConfigurationPlatforms) = preSolution
		Debug|Any CPU = Debug|Any CPU
		Release|Any CPU = Release|Any CPU
	EndGlobalSection
	GlobalSection(ProjectConfigurationPlatforms) = postSolution
		{BDA479C3-D8C3-47A4-BD3F-6E0DAC41A874}.Debug|Any CPU.ActiveCfg = Debug|Any CPU
		{BDA479C3-D8C3-47A4-BD3F-6E0DAC41A874}.Debug|Any CPU.Build.0 = Debug|Any CPU
		{BDA479C3-D8C3-47A4-BD3F-6E0DAC41A874}.Release|Any CPU.ActiveCfg = Release|Any CPU
		{BDA479C3-D8C3-47A4-BD3F-6E0DAC41A874}.Release|Any CPU.Build.0 = Release|Any CPU
		{B29E6FDE-C973-4ABA-8912-B9CB8B253C69}.Debug|Any CPU.ActiveCfg = Debug|Any CPU
		{B29E6FDE-C973-4ABA-8912-B9CB8B253C69}.Debug|Any CPU.Build.0 = Debug|Any CPU
		{B29E6FDE-C973-4ABA-8912-B9CB8B253C69}.Release|Any CPU.ActiveCfg = Release|Any CPU
		{B29E6FDE-C973-4ABA-8912-B9CB8B253C69}.Release|Any CPU.Build.0 = Release|Any CPU
		{D8E71FC4-28E2-CE17-1A45-49C5D42B97C7}.Debug|Any CPU.ActiveCfg = Debug|Any CPU
		{D8E71FC4-28E2-CE17-1A45-49C5D42B97C7}.Debug|Any CPU.Build.0 = Debug|Any CPU
		{D8E71FC4-28E2-CE17-1A45-49C5D42B97C7}.Release|Any CPU.ActiveCfg = Release|Any CPU
		{D8E71FC4-28E2-CE17-1A45-49C5D42B97C7}.Release|Any CPU.Build.0 = Release|Any CPU
		{757DB0C9-29EA-4C80-9AE5-194CE421C988}.Debug|Any CPU.ActiveCfg = Debug|Any CPU
		{757DB0C9-29EA-4C80-9AE5-194CE421C988}.Debug|Any CPU.Build.0 = Debug|Any CPU
		{757DB0C9-29EA-4C80-9AE5-194CE421C988}.Release|Any CPU.ActiveCfg = Release|Any CPU
		{757DB0C9-29EA-4C80-9AE5-194CE421C988}.Release|Any CPU.Build.0 = Release|Any CPU
		{2EAD0BAB-FD55-450E-B108-C9F94D68A111}.Debug|Any CPU.ActiveCfg = Debug|Any CPU
		{2EAD0BAB-FD55-450E-B108-C9F94D68A111}.Debug|Any CPU.Build.0 = Debug|Any CPU
		{2EAD0BAB-FD55-450E-B108-C9F94D68A111}.Release|Any CPU.ActiveCfg = Release|Any CPU
		{2EAD0BAB-FD55-450E-B108-C9F94D68A111}.Release|Any CPU.Build.0 = Release|Any CPU
		{434767D0-735B-44BC-9BA4-A79F843FBFBC}.Debug|Any CPU.ActiveCfg = Debug|Any CPU
		{434767D0-735B-44BC-9BA4-A79F843FBFBC}.Debug|Any CPU.Build.0 = Debug|Any CPU
		{434767D0-735B-44BC-9BA4-A79F843FBFBC}.Release|Any CPU.ActiveCfg = Release|Any CPU
		{434767D0-735B-44BC-9BA4-A79F843FBFBC}.Release|Any CPU.Build.0 = Release|Any CPU
		{B9123DD1-B9E5-4C83-AE3A-1A48D3EC83A9}.Debug|Any CPU.ActiveCfg = Debug|Any CPU
		{B9123DD1-B9E5-4C83-AE3A-1A48D3EC83A9}.Debug|Any CPU.Build.0 = Debug|Any CPU
		{B9123DD1-B9E5-4C83-AE3A-1A48D3EC83A9}.Release|Any CPU.ActiveCfg = Release|Any CPU
		{B9123DD1-B9E5-4C83-AE3A-1A48D3EC83A9}.Release|Any CPU.Build.0 = Release|Any CPU
		{565A5D18-4E60-44F1-BCB0-A40A4AA05A0F}.Debug|Any CPU.ActiveCfg = Debug|Any CPU
		{565A5D18-4E60-44F1-BCB0-A40A4AA05A0F}.Debug|Any CPU.Build.0 = Debug|Any CPU
		{565A5D18-4E60-44F1-BCB0-A40A4AA05A0F}.Release|Any CPU.ActiveCfg = Release|Any CPU
		{565A5D18-4E60-44F1-BCB0-A40A4AA05A0F}.Release|Any CPU.Build.0 = Release|Any CPU
	EndGlobalSection
	GlobalSection(SolutionProperties) = preSolution
		HideSolutionNode = FALSE
	EndGlobalSection
	GlobalSection(NestedProjects) = preSolution
		{BDA479C3-D8C3-47A4-BD3F-6E0DAC41A874} = {28539B2D-F022-4D96-8EF9-D18A45189FB4}
		{B29E6FDE-C973-4ABA-8912-B9CB8B253C69} = {02EA681E-C7D8-13C7-8484-4AC65E1B71E8}
		{D8E71FC4-28E2-CE17-1A45-49C5D42B97C7} = {28539B2D-F022-4D96-8EF9-D18A45189FB4}
		{757DB0C9-29EA-4C80-9AE5-194CE421C988} = {28539B2D-F022-4D96-8EF9-D18A45189FB4}
		{2EAD0BAB-FD55-450E-B108-C9F94D68A111} = {28539B2D-F022-4D96-8EF9-D18A45189FB4}
		{434767D0-735B-44BC-9BA4-A79F843FBFBC} = {C489B282-4480-4076-94FA-E5F2A98CB434}
		{B9123DD1-B9E5-4C83-AE3A-1A48D3EC83A9} = {28539B2D-F022-4D96-8EF9-D18A45189FB4}
		{565A5D18-4E60-44F1-BCB0-A40A4AA05A0F} = {28539B2D-F022-4D96-8EF9-D18A45189FB4}
	EndGlobalSection
	GlobalSection(ExtensibilityGlobals) = postSolution
		SolutionGuid = {7E9115CC-4DC4-4176-BF6D-D690B14CD9F7}
	EndGlobalSection
EndGlobal
